// !$*UTF8*$!
{
	archiveVersion = 1;
	classes = {
	};
	objectVersion = 50;
	objects = {

/* Begin PBXBuildFile section */
		6D32B7BC24D886C40083D4F0 /* TableAdapter.swift in Sources */ = {isa = PBXBuildFile; fileRef = 6D32B7BB24D886C40083D4F0 /* TableAdapter.swift */; };
		6D32B7C024D88DE10083D4F0 /* ImagesTableAdapter.swift in Sources */ = {isa = PBXBuildFile; fileRef = 6D32B7BF24D88DE10083D4F0 /* ImagesTableAdapter.swift */; };
		6D3A47AA24CA04100036981E /* ImageDownloader.swift in Sources */ = {isa = PBXBuildFile; fileRef = 6D3A47A924CA04100036981E /* ImageDownloader.swift */; };
		6D3A47AC24CA04790036981E /* ImageURLSessionDownloader.swift in Sources */ = {isa = PBXBuildFile; fileRef = 6D3A47AB24CA04790036981E /* ImageURLSessionDownloader.swift */; };
		6D3A47AF24CA060D0036981E /* ImageURLFactory.swift in Sources */ = {isa = PBXBuildFile; fileRef = 6D3A47AE24CA060D0036981E /* ImageURLFactory.swift */; };
		6D3A47B124CA06A30036981E /* ImagePlaceholderURLFactory.swift in Sources */ = {isa = PBXBuildFile; fileRef = 6D3A47B024CA06A30036981E /* ImagePlaceholderURLFactory.swift */; };
		6D46D89124D9480F00A3F781 /* ImagesCollectionController.swift in Sources */ = {isa = PBXBuildFile; fileRef = 6D46D89024D9480F00A3F781 /* ImagesCollectionController.swift */; };
		6D94D10924D9387100C08C01 /* Adapter.swift in Sources */ = {isa = PBXBuildFile; fileRef = 6D94D10824D9387100C08C01 /* Adapter.swift */; };
		6D94D10B24D9389E00C08C01 /* CollectionAdapter.swift in Sources */ = {isa = PBXBuildFile; fileRef = 6D94D10A24D9389E00C08C01 /* CollectionAdapter.swift */; };
		6D94D10E24D93A4900C08C01 /* UIView+Constraints.swift in Sources */ = {isa = PBXBuildFile; fileRef = 6D94D10D24D93A4900C08C01 /* UIView+Constraints.swift */; };
		6D94D11124D9450200C08C01 /* ImagesTableController.swift in Sources */ = {isa = PBXBuildFile; fileRef = 6D94D11024D9450200C08C01 /* ImagesTableController.swift */; };
		6DFA11DF24C9FFA100F7105B /* AppDelegate.swift in Sources */ = {isa = PBXBuildFile; fileRef = 6DFA11DE24C9FFA100F7105B /* AppDelegate.swift */; };
		6DFA11E124C9FFA100F7105B /* SceneDelegate.swift in Sources */ = {isa = PBXBuildFile; fileRef = 6DFA11E024C9FFA100F7105B /* SceneDelegate.swift */; };
		6DFA11E324C9FFA100F7105B /* ViewController.swift in Sources */ = {isa = PBXBuildFile; fileRef = 6DFA11E224C9FFA100F7105B /* ViewController.swift */; };
		6DFA11E624C9FFA100F7105B /* Main.storyboard in Resources */ = {isa = PBXBuildFile; fileRef = 6DFA11E424C9FFA100F7105B /* Main.storyboard */; };
		6DFA11E824C9FFA300F7105B /* Assets.xcassets in Resources */ = {isa = PBXBuildFile; fileRef = 6DFA11E724C9FFA300F7105B /* Assets.xcassets */; };
		6DFA11EB24C9FFA300F7105B /* LaunchScreen.storyboard in Resources */ = {isa = PBXBuildFile; fileRef = 6DFA11E924C9FFA300F7105B /* LaunchScreen.storyboard */; };
/* End PBXBuildFile section */

/* Begin PBXFileReference section */
		6D32B7BB24D886C40083D4F0 /* TableAdapter.swift */ = {isa = PBXFileReference; lastKnownFileType = sourcecode.swift; path = TableAdapter.swift; sourceTree = "<group>"; };
		6D32B7BF24D88DE10083D4F0 /* ImagesTableAdapter.swift */ = {isa = PBXFileReference; lastKnownFileType = sourcecode.swift; path = ImagesTableAdapter.swift; sourceTree = "<group>"; };
		6D3A47A924CA04100036981E /* ImageDownloader.swift */ = {isa = PBXFileReference; lastKnownFileType = sourcecode.swift; path = ImageDownloader.swift; sourceTree = "<group>"; };
		6D3A47AB24CA04790036981E /* ImageURLSessionDownloader.swift */ = {isa = PBXFileReference; lastKnownFileType = sourcecode.swift; path = ImageURLSessionDownloader.swift; sourceTree = "<group>"; };
		6D3A47AE24CA060D0036981E /* ImageURLFactory.swift */ = {isa = PBXFileReference; lastKnownFileType = sourcecode.swift; path = ImageURLFactory.swift; sourceTree = "<group>"; };
		6D3A47B024CA06A30036981E /* ImagePlaceholderURLFactory.swift */ = {isa = PBXFileReference; lastKnownFileType = sourcecode.swift; path = ImagePlaceholderURLFactory.swift; sourceTree = "<group>"; };
		6D46D89024D9480F00A3F781 /* ImagesCollectionController.swift */ = {isa = PBXFileReference; lastKnownFileType = sourcecode.swift; path = ImagesCollectionController.swift; sourceTree = "<group>"; };
		6D94D10824D9387100C08C01 /* Adapter.swift */ = {isa = PBXFileReference; lastKnownFileType = sourcecode.swift; path = Adapter.swift; sourceTree = "<group>"; };
		6D94D10A24D9389E00C08C01 /* CollectionAdapter.swift */ = {isa = PBXFileReference; lastKnownFileType = sourcecode.swift; path = CollectionAdapter.swift; sourceTree = "<group>"; };
		6D94D10D24D93A4900C08C01 /* UIView+Constraints.swift */ = {isa = PBXFileReference; lastKnownFileType = sourcecode.swift; path = "UIView+Constraints.swift"; sourceTree = "<group>"; };
		6D94D11024D9450200C08C01 /* ImagesTableController.swift */ = {isa = PBXFileReference; lastKnownFileType = sourcecode.swift; path = ImagesTableController.swift; sourceTree = "<group>"; };
		6DFA11DB24C9FFA100F7105B /* TableWithImages.app */ = {isa = PBXFileReference; explicitFileType = wrapper.application; includeInIndex = 0; path = TableWithImages.app; sourceTree = BUILT_PRODUCTS_DIR; };
		6DFA11DE24C9FFA100F7105B /* AppDelegate.swift */ = {isa = PBXFileReference; lastKnownFileType = sourcecode.swift; path = AppDelegate.swift; sourceTree = "<group>"; };
		6DFA11E024C9FFA100F7105B /* SceneDelegate.swift */ = {isa = PBXFileReference; lastKnownFileType = sourcecode.swift; path = SceneDelegate.swift; sourceTree = "<group>"; };
		6DFA11E224C9FFA100F7105B /* ViewController.swift */ = {isa = PBXFileReference; lastKnownFileType = sourcecode.swift; path = ViewController.swift; sourceTree = "<group>"; };
		6DFA11E524C9FFA100F7105B /* Base */ = {isa = PBXFileReference; lastKnownFileType = file.storyboard; name = Base; path = Base.lproj/Main.storyboard; sourceTree = "<group>"; };
		6DFA11E724C9FFA300F7105B /* Assets.xcassets */ = {isa = PBXFileReference; lastKnownFileType = folder.assetcatalog; path = Assets.xcassets; sourceTree = "<group>"; };
		6DFA11EA24C9FFA300F7105B /* Base */ = {isa = PBXFileReference; lastKnownFileType = file.storyboard; name = Base; path = Base.lproj/LaunchScreen.storyboard; sourceTree = "<group>"; };
		6DFA11EC24C9FFA300F7105B /* Info.plist */ = {isa = PBXFileReference; lastKnownFileType = text.plist.xml; path = Info.plist; sourceTree = "<group>"; };
/* End PBXFileReference section */

/* Begin PBXFrameworksBuildPhase section */
		6DFA11D824C9FFA100F7105B /* Frameworks */ = {
			isa = PBXFrameworksBuildPhase;
			buildActionMask = 2147483647;
			files = (
			);
			runOnlyForDeploymentPostprocessing = 0;
		};
/* End PBXFrameworksBuildPhase section */

/* Begin PBXGroup section */
		6D32B7B824D885BB0083D4F0 /* Adapter */ = {
			isa = PBXGroup;
			children = (
				6D32B7BB24D886C40083D4F0 /* TableAdapter.swift */,
				6D32B7BF24D88DE10083D4F0 /* ImagesTableAdapter.swift */,
				6D94D10824D9387100C08C01 /* Adapter.swift */,
				6D94D10A24D9389E00C08C01 /* CollectionAdapter.swift */,
			);
			path = Adapter;
			sourceTree = "<group>";
		};
		6D3A47A824CA03E80036981E /* Downloader */ = {
			isa = PBXGroup;
			children = (
				6D3A47A924CA04100036981E /* ImageDownloader.swift */,
				6D3A47AB24CA04790036981E /* ImageURLSessionDownloader.swift */,
			);
			path = Downloader;
			sourceTree = "<group>";
		};
		6D3A47AD24CA05F50036981E /* Factory */ = {
			isa = PBXGroup;
			children = (
				6D3A47AE24CA060D0036981E /* ImageURLFactory.swift */,
				6D3A47B024CA06A30036981E /* ImagePlaceholderURLFactory.swift */,
			);
			path = Factory;
			sourceTree = "<group>";
		};
		6D94D10C24D93A2800C08C01 /* UIUtils */ = {
			isa = PBXGroup;
			children = (
				6D94D10D24D93A4900C08C01 /* UIView+Constraints.swift */,
			);
			path = UIUtils;
			sourceTree = "<group>";
		};
		6D94D10F24D9446400C08C01 /* Screens */ = {
			isa = PBXGroup;
			children = (
				6DFA11E224C9FFA100F7105B /* ViewController.swift */,
				6D94D11024D9450200C08C01 /* ImagesTableController.swift */,
				6D46D89024D9480F00A3F781 /* ImagesCollectionController.swift */,
			);
			path = Screens;
			sourceTree = "<group>";
		};
		6DFA11D224C9FFA100F7105B = {
			isa = PBXGroup;
			children = (
				6DFA11DD24C9FFA100F7105B /* TableWithImages */,
				6DFA11DC24C9FFA100F7105B /* Products */,
			);
			sourceTree = "<group>";
		};
		6DFA11DC24C9FFA100F7105B /* Products */ = {
			isa = PBXGroup;
			children = (
				6DFA11DB24C9FFA100F7105B /* TableWithImages.app */,
			);
			name = Products;
			sourceTree = "<group>";
		};
		6DFA11DD24C9FFA100F7105B /* TableWithImages */ = {
			isa = PBXGroup;
			children = (
				6D94D10F24D9446400C08C01 /* Screens */,
				6D94D10C24D93A2800C08C01 /* UIUtils */,
				6D32B7B824D885BB0083D4F0 /* Adapter */,
				6D3A47AD24CA05F50036981E /* Factory */,
				6D3A47A824CA03E80036981E /* Downloader */,
				6DFA11DE24C9FFA100F7105B /* AppDelegate.swift */,
				6DFA11E024C9FFA100F7105B /* SceneDelegate.swift */,
				6DFA11E424C9FFA100F7105B /* Main.storyboard */,
				6DFA11E724C9FFA300F7105B /* Assets.xcassets */,
				6DFA11E924C9FFA300F7105B /* LaunchScreen.storyboard */,
				6DFA11EC24C9FFA300F7105B /* Info.plist */,
			);
			path = TableWithImages;
			sourceTree = "<group>";
		};
/* End PBXGroup section */

/* Begin PBXNativeTarget section */
		6DFA11DA24C9FFA100F7105B /* TableWithImages */ = {
			isa = PBXNativeTarget;
			buildConfigurationList = 6DFA11EF24C9FFA300F7105B /* Build configuration list for PBXNativeTarget "TableWithImages" */;
			buildPhases = (
				6DFA11D724C9FFA100F7105B /* Sources */,
				6DFA11D824C9FFA100F7105B /* Frameworks */,
				6DFA11D924C9FFA100F7105B /* Resources */,
			);
			buildRules = (
			);
			dependencies = (
			);
			name = TableWithImages;
			productName = TableWithImages;
			productReference = 6DFA11DB24C9FFA100F7105B /* TableWithImages.app */;
			productType = "com.apple.product-type.application";
		};
/* End PBXNativeTarget section */

/* Begin PBXProject section */
		6DFA11D324C9FFA100F7105B /* Project object */ = {
			isa = PBXProject;
			attributes = {
				LastSwiftUpdateCheck = 1160;
				LastUpgradeCheck = 1160;
				ORGANIZATIONNAME = NullIsOne;
				TargetAttributes = {
					6DFA11DA24C9FFA100F7105B = {
						CreatedOnToolsVersion = 11.6;
					};
				};
			};
			buildConfigurationList = 6DFA11D624C9FFA100F7105B /* Build configuration list for PBXProject "TableWithImages" */;
			compatibilityVersion = "Xcode 9.3";
			developmentRegion = en;
			hasScannedForEncodings = 0;
			knownRegions = (
				en,
				Base,
			);
			mainGroup = 6DFA11D224C9FFA100F7105B;
			productRefGroup = 6DFA11DC24C9FFA100F7105B /* Products */;
			projectDirPath = "";
			projectRoot = "";
			targets = (
				6DFA11DA24C9FFA100F7105B /* TableWithImages */,
			);
		};
/* End PBXProject section */

/* Begin PBXResourcesBuildPhase section */
		6DFA11D924C9FFA100F7105B /* Resources */ = {
			isa = PBXResourcesBuildPhase;
			buildActionMask = 2147483647;
			files = (
				6DFA11EB24C9FFA300F7105B /* LaunchScreen.storyboard in Resources */,
				6DFA11E824C9FFA300F7105B /* Assets.xcassets in Resources */,
				6DFA11E624C9FFA100F7105B /* Main.storyboard in Resources */,
			);
			runOnlyForDeploymentPostprocessing = 0;
		};
/* End PBXResourcesBuildPhase section */

/* Begin PBXSourcesBuildPhase section */
		6DFA11D724C9FFA100F7105B /* Sources */ = {
			isa = PBXSourcesBuildPhase;
			buildActionMask = 2147483647;
			files = (
				6D3A47B124CA06A30036981E /* ImagePlaceholderURLFactory.swift in Sources */,
				6D3A47AF24CA060D0036981E /* ImageURLFactory.swift in Sources */,
				6D46D89124D9480F00A3F781 /* ImagesCollectionController.swift in Sources */,
				6D94D11124D9450200C08C01 /* ImagesTableController.swift in Sources */,
				6DFA11E324C9FFA100F7105B /* ViewController.swift in Sources */,
				6D94D10924D9387100C08C01 /* Adapter.swift in Sources */,
				6D3A47AC24CA04790036981E /* ImageURLSessionDownloader.swift in Sources */,
				6D94D10B24D9389E00C08C01 /* CollectionAdapter.swift in Sources */,
				6DFA11DF24C9FFA100F7105B /* AppDelegate.swift in Sources */,
				6D3A47AA24CA04100036981E /* ImageDownloader.swift in Sources */,
				6D32B7BC24D886C40083D4F0 /* TableAdapter.swift in Sources */,
				6DFA11E124C9FFA100F7105B /* SceneDelegate.swift in Sources */,
				6D94D10E24D93A4900C08C01 /* UIView+Constraints.swift in Sources */,
				6D32B7C024D88DE10083D4F0 /* ImagesTableAdapter.swift in Sources */,
			);
			runOnlyForDeploymentPostprocessing = 0;
		};
/* End PBXSourcesBuildPhase section */

/* Begin PBXVariantGroup section */
		6DFA11E424C9FFA100F7105B /* Main.storyboard */ = {
			isa = PBXVariantGroup;
			children = (
				6DFA11E524C9FFA100F7105B /* Base */,
			);
			name = Main.storyboard;
			sourceTree = "<group>";
		};
		6DFA11E924C9FFA300F7105B /* LaunchScreen.storyboard */ = {
			isa = PBXVariantGroup;
			children = (
				6DFA11EA24C9FFA300F7105B /* Base */,
			);
			name = LaunchScreen.storyboard;
			sourceTree = "<group>";
		};
/* End PBXVariantGroup section */

/* Begin XCBuildConfiguration section */
		6DFA11ED24C9FFA300F7105B /* Debug */ = {
			isa = XCBuildConfiguration;
			buildSettings = {
				ALWAYS_SEARCH_USER_PATHS = NO;
				CLANG_ANALYZER_NONNULL = YES;
				CLANG_ANALYZER_NUMBER_OBJECT_CONVERSION = YES_AGGRESSIVE;
				CLANG_CXX_LANGUAGE_STANDARD = "gnu++14";
				CLANG_CXX_LIBRARY = "libc++";
				CLANG_ENABLE_MODULES = YES;
				CLANG_ENABLE_OBJC_ARC = YES;
				CLANG_ENABLE_OBJC_WEAK = YES;
				CLANG_WARN_BLOCK_CAPTURE_AUTORELEASING = YES;
				CLANG_WARN_BOOL_CONVERSION = YES;
				CLANG_WARN_COMMA = YES;
				CLANG_WARN_CONSTANT_CONVERSION = YES;
				CLANG_WARN_DEPRECATED_OBJC_IMPLEMENTATIONS = YES;
				CLANG_WARN_DIRECT_OBJC_ISA_USAGE = YES_ERROR;
				CLANG_WARN_DOCUMENTATION_COMMENTS = YES;
				CLANG_WARN_EMPTY_BODY = YES;
				CLANG_WARN_ENUM_CONVERSION = YES;
				CLANG_WARN_INFINITE_RECURSION = YES;
				CLANG_WARN_INT_CONVERSION = YES;
				CLANG_WARN_NON_LITERAL_NULL_CONVERSION = YES;
				CLANG_WARN_OBJC_IMPLICIT_RETAIN_SELF = YES;
				CLANG_WARN_OBJC_LITERAL_CONVERSION = YES;
				CLANG_WARN_OBJC_ROOT_CLASS = YES_ERROR;
				CLANG_WARN_RANGE_LOOP_ANALYSIS = YES;
				CLANG_WARN_STRICT_PROTOTYPES = YES;
				CLANG_WARN_SUSPICIOUS_MOVE = YES;
				CLANG_WARN_UNGUARDED_AVAILABILITY = YES_AGGRESSIVE;
				CLANG_WARN_UNREACHABLE_CODE = YES;
				CLANG_WARN__DUPLICATE_METHOD_MATCH = YES;
				COPY_PHASE_STRIP = NO;
				DEBUG_INFORMATION_FORMAT = dwarf;
				ENABLE_STRICT_OBJC_MSGSEND = YES;
				ENABLE_TESTABILITY = YES;
				GCC_C_LANGUAGE_STANDARD = gnu11;
				GCC_DYNAMIC_NO_PIC = NO;
				GCC_NO_COMMON_BLOCKS = YES;
				GCC_OPTIMIZATION_LEVEL = 0;
				GCC_PREPROCESSOR_DEFINITIONS = (
					"DEBUG=1",
					"$(inherited)",
				);
				GCC_WARN_64_TO_32_BIT_CONVERSION = YES;
				GCC_WARN_ABOUT_RETURN_TYPE = YES_ERROR;
				GCC_WARN_UNDECLARED_SELECTOR = YES;
				GCC_WARN_UNINITIALIZED_AUTOS = YES_AGGRESSIVE;
				GCC_WARN_UNUSED_FUNCTION = YES;
				GCC_WARN_UNUSED_VARIABLE = YES;
				IPHONEOS_DEPLOYMENT_TARGET = 13.6;
				MTL_ENABLE_DEBUG_INFO = INCLUDE_SOURCE;
				MTL_FAST_MATH = YES;
				ONLY_ACTIVE_ARCH = YES;
				SDKROOT = iphoneos;
				SWIFT_ACTIVE_COMPILATION_CONDITIONS = DEBUG;
				SWIFT_OPTIMIZATION_LEVEL = "-Onone";
			};
			name = Debug;
		};
		6DFA11EE24C9FFA300F7105B /* Release */ = {
			isa = XCBuildConfiguration;
			buildSettings = {
				ALWAYS_SEARCH_USER_PATHS = NO;
				CLANG_ANALYZER_NONNULL = YES;
				CLANG_ANALYZER_NUMBER_OBJECT_CONVERSION = YES_AGGRESSIVE;
				CLANG_CXX_LANGUAGE_STANDARD = "gnu++14";
				CLANG_CXX_LIBRARY = "libc++";
				CLANG_ENABLE_MODULES = YES;
				CLANG_ENABLE_OBJC_ARC = YES;
				CLANG_ENABLE_OBJC_WEAK = YES;
				CLANG_WARN_BLOCK_CAPTURE_AUTORELEASING = YES;
				CLANG_WARN_BOOL_CONVERSION = YES;
				CLANG_WARN_COMMA = YES;
				CLANG_WARN_CONSTANT_CONVERSION = YES;
				CLANG_WARN_DEPRECATED_OBJC_IMPLEMENTATIONS = YES;
				CLANG_WARN_DIRECT_OBJC_ISA_USAGE = YES_ERROR;
				CLANG_WARN_DOCUMENTATION_COMMENTS = YES;
				CLANG_WARN_EMPTY_BODY = YES;
				CLANG_WARN_ENUM_CONVERSION = YES;
				CLANG_WARN_INFINITE_RECURSION = YES;
				CLANG_WARN_INT_CONVERSION = YES;
				CLANG_WARN_NON_LITERAL_NULL_CONVERSION = YES;
				CLANG_WARN_OBJC_IMPLICIT_RETAIN_SELF = YES;
				CLANG_WARN_OBJC_LITERAL_CONVERSION = YES;
				CLANG_WARN_OBJC_ROOT_CLASS = YES_ERROR;
				CLANG_WARN_RANGE_LOOP_ANALYSIS = YES;
				CLANG_WARN_STRICT_PROTOTYPES = YES;
				CLANG_WARN_SUSPICIOUS_MOVE = YES;
				CLANG_WARN_UNGUARDED_AVAILABILITY = YES_AGGRESSIVE;
				CLANG_WARN_UNREACHABLE_CODE = YES;
				CLANG_WARN__DUPLICATE_METHOD_MATCH = YES;
				COPY_PHASE_STRIP = NO;
				DEBUG_INFORMATION_FORMAT = "dwarf-with-dsym";
				ENABLE_NS_ASSERTIONS = NO;
				ENABLE_STRICT_OBJC_MSGSEND = YES;
				GCC_C_LANGUAGE_STANDARD = gnu11;
				GCC_NO_COMMON_BLOCKS = YES;
				GCC_WARN_64_TO_32_BIT_CONVERSION = YES;
				GCC_WARN_ABOUT_RETURN_TYPE = YES_ERROR;
				GCC_WARN_UNDECLARED_SELECTOR = YES;
				GCC_WARN_UNINITIALIZED_AUTOS = YES_AGGRESSIVE;
				GCC_WARN_UNUSED_FUNCTION = YES;
				GCC_WARN_UNUSED_VARIABLE = YES;
				IPHONEOS_DEPLOYMENT_TARGET = 13.6;
				MTL_ENABLE_DEBUG_INFO = NO;
				MTL_FAST_MATH = YES;
				SDKROOT = iphoneos;
				SWIFT_COMPILATION_MODE = wholemodule;
				SWIFT_OPTIMIZATION_LEVEL = "-O";
				VALIDATE_PRODUCT = YES;
			};
			name = Release;
		};
		6DFA11F024C9FFA300F7105B /* Debug */ = {
			isa = XCBuildConfiguration;
			buildSettings = {
				ASSETCATALOG_COMPILER_APPICON_NAME = AppIcon;
				CODE_SIGN_STYLE = Automatic;
				DEVELOPMENT_TEAM = 7GDN5UTF7L;
				INFOPLIST_FILE = TableWithImages/Info.plist;
				IPHONEOS_DEPLOYMENT_TARGET = 13.0;
				LD_RUNPATH_SEARCH_PATHS = (
					"$(inherited)",
					"@executable_path/Frameworks",
				);
				PRODUCT_BUNDLE_IDENTIFIER = com.nullisone.TableWithImages;
				PRODUCT_NAME = "$(TARGET_NAME)";
				SWIFT_VERSION = 5.0;
				TARGETED_DEVICE_FAMILY = "1,2";
			};
			name = Debug;
		};
		6DFA11F124C9FFA300F7105B /* Release */ = {
			isa = XCBuildConfiguration;
			buildSettings = {
				ASSETCATALOG_COMPILER_APPICON_NAME = AppIcon;
				CODE_SIGN_STYLE = Automatic;
				DEVELOPMENT_TEAM = 7GDN5UTF7L;
				INFOPLIST_FILE = TableWithImages/Info.plist;
				IPHONEOS_DEPLOYMENT_TARGET = 13.0;
				LD_RUNPATH_SEARCH_PATHS = (
					"$(inherited)",
					"@executable_path/Frameworks",
				);
				PRODUCT_BUNDLE_IDENTIFIER = com.nullisone.TableWithImages;
				PRODUCT_NAME = "$(TARGET_NAME)";
				SWIFT_VERSION = 5.0;
				TARGETED_DEVICE_FAMILY = "1,2";
			};
			name = Release;
		};
/* End XCBuildConfiguration section */

/* Begin XCConfigurationList section */
		6DFA11D624C9FFA100F7105B /* Build configuration list for PBXProject "TableWithImages" */ = {
			isa = XCConfigurationList;
			buildConfigurations = (
				6DFA11ED24C9FFA300F7105B /* Debug */,
				6DFA11EE24C9FFA300F7105B /* Release */,
			);
			defaultConfigurationIsVisible = 0;
			defaultConfigurationName = Release;
		};
		6DFA11EF24C9FFA300F7105B /* Build configuration list for PBXNativeTarget "TableWithImages" */ = {
			isa = XCConfigurationList;
			buildConfigurations = (
				6DFA11F024C9FFA300F7105B /* Debug */,
				6DFA11F124C9FFA300F7105B /* Release */,
			);
			defaultConfigurationIsVisible = 0;
			defaultConfigurationName = Release;
		};
/* End XCConfigurationList section */
	};
	rootObject = 6DFA11D324C9FFA100F7105B /* Project object */;
}
